// !$*UTF8*$!
{
	archiveVersion = 1;
	classes = {
	};
	objectVersion = 55;
	objects = {

/* Begin PBXBuildFile section */
		6B6E8AC228591E86008752DE /* PreferenceKey.swift in Sources */ = {isa = PBXBuildFile; fileRef = 6B6E8AC128591E86008752DE /* PreferenceKey.swift */; };
		6B6E8AC428593BB1008752DE /* ExploreViewModel.swift in Sources */ = {isa = PBXBuildFile; fileRef = 6B6E8AC328593BB1008752DE /* ExploreViewModel.swift */; };
		6B6E8AC628594521008752DE /* CoinDetailView.swift in Sources */ = {isa = PBXBuildFile; fileRef = 6B6E8AC528594521008752DE /* CoinDetailView.swift */; };
		6B6E8AC828594813008752DE /* CoinDetail.swift in Sources */ = {isa = PBXBuildFile; fileRef = 6B6E8AC728594813008752DE /* CoinDetail.swift */; };
		6B6E8ACA285949E5008752DE /* coin-Qwsogvtv82FCdaaa.json in Resources */ = {isa = PBXBuildFile; fileRef = 6B6E8AC9285949E5008752DE /* coin-Qwsogvtv82FCdaaa.json */; };
		6B6E8ACE28594ADD008752DE /* coin-Qwsogvtv82FCd.json in Resources */ = {isa = PBXBuildFile; fileRef = 6B6E8ACD28594ADD008752DE /* coin-Qwsogvtv82FCd.json */; };
		6B6E8AD528595067008752DE /* MarketCapFormatter.swift in Sources */ = {isa = PBXBuildFile; fileRef = 6B6E8AD32859503E008752DE /* MarketCapFormatter.swift */; };
		6B6E8AD628595097008752DE /* HTMLStringView.swift in Sources */ = {isa = PBXBuildFile; fileRef = 6B6E8ACF28594E77008752DE /* HTMLStringView.swift */; };
		6B6E8AD7285952DA008752DE /* HexColor+SwiftUI.swift in Sources */ = {isa = PBXBuildFile; fileRef = 6B6E8AD128595005008752DE /* HexColor+SwiftUI.swift */; };
		6B6E8ADA2859538B008752DE /* CoinDetailViewModel.swift in Sources */ = {isa = PBXBuildFile; fileRef = 6B6E8AD828595379008752DE /* CoinDetailViewModel.swift */; };
		6B94FAE428595B790030E35E /* ShareActivityView.swift in Sources */ = {isa = PBXBuildFile; fileRef = 6B94FAE328595B790030E35E /* ShareActivityView.swift */; };
		6BAEFCEE2858FC2E00A2C8BA /* LMWN_Coin_2App.swift in Sources */ = {isa = PBXBuildFile; fileRef = 6BAEFCED2858FC2E00A2C8BA /* LMWN_Coin_2App.swift */; };
		6BAEFCF02858FC2E00A2C8BA /* ContentView.swift in Sources */ = {isa = PBXBuildFile; fileRef = 6BAEFCEF2858FC2E00A2C8BA /* ContentView.swift */; };
		6BAEFCF22858FC2F00A2C8BA /* Assets.xcassets in Resources */ = {isa = PBXBuildFile; fileRef = 6BAEFCF12858FC2F00A2C8BA /* Assets.xcassets */; };
		6BAEFCF52858FC2F00A2C8BA /* Preview Assets.xcassets in Resources */ = {isa = PBXBuildFile; fileRef = 6BAEFCF42858FC2F00A2C8BA /* Preview Assets.xcassets */; };
		6BAEFCFD2858FC6500A2C8BA /* ExploreView.swift in Sources */ = {isa = PBXBuildFile; fileRef = 6BAEFCFC2858FC6500A2C8BA /* ExploreView.swift */; };
		6BAEFD012858FD4900A2C8BA /* LoadingView.swift in Sources */ = {isa = PBXBuildFile; fileRef = 6BAEFD002858FD4900A2C8BA /* LoadingView.swift */; };
		6BAEFD032858FEA700A2C8BA /* CardRectangle.swift in Sources */ = {isa = PBXBuildFile; fileRef = 6BAEFD022858FEA700A2C8BA /* CardRectangle.swift */; };
		6BAEFD052858FF7800A2C8BA /* Color+SwiftUI.swift in Sources */ = {isa = PBXBuildFile; fileRef = 6BAEFD042858FF7800A2C8BA /* Color+SwiftUI.swift */; };
		6BAEFD072858FFDD00A2C8BA /* InviteFriend.swift in Sources */ = {isa = PBXBuildFile; fileRef = 6BAEFD062858FFDD00A2C8BA /* InviteFriend.swift */; };
		6BAEFD0A2859044600A2C8BA /* SVGView in Frameworks */ = {isa = PBXBuildFile; productRef = 6BAEFD092859044600A2C8BA /* SVGView */; };
		6BAEFD0D2859045100A2C8BA /* CachedAsyncImage in Frameworks */ = {isa = PBXBuildFile; productRef = 6BAEFD0C2859045100A2C8BA /* CachedAsyncImage */; };
		6BAEFD102859047300A2C8BA /* AsyncRemoteImage.swift in Sources */ = {isa = PBXBuildFile; fileRef = 6BAEFD0F2859047300A2C8BA /* AsyncRemoteImage.swift */; };
		6BAEFD132859049B00A2C8BA /* Utilities.swift in Sources */ = {isa = PBXBuildFile; fileRef = 6BAEFD122859049B00A2C8BA /* Utilities.swift */; };
		6BAEFD15285904B600A2C8BA /* SVGAsyncImage.swift in Sources */ = {isa = PBXBuildFile; fileRef = 6BAEFD14285904B600A2C8BA /* SVGAsyncImage.swift */; };
		6BAEFD182859075800A2C8BA /* Coin.swift in Sources */ = {isa = PBXBuildFile; fileRef = 6BAEFD172859075800A2C8BA /* Coin.swift */; };
		6BAEFD1B28590A4700A2C8BA /* CoinAPIRequestLoader.swift in Sources */ = {isa = PBXBuildFile; fileRef = 6BAEFD1A28590A4700A2C8BA /* CoinAPIRequestLoader.swift */; };
		6BAEFD1D28590B1600A2C8BA /* CoinAPIResponse.swift in Sources */ = {isa = PBXBuildFile; fileRef = 6BAEFD1C28590B1600A2C8BA /* CoinAPIResponse.swift */; };
		6BAEFD2528590E0D00A2C8BA /* CoinsAPILoaderTests.swift in Sources */ = {isa = PBXBuildFile; fileRef = 6BAEFD2428590E0D00A2C8BA /* CoinsAPILoaderTests.swift */; };
		6BAEFD2C28590E2800A2C8BA /* JsonLoader.swift in Sources */ = {isa = PBXBuildFile; fileRef = 6BAEFD2B28590E2800A2C8BA /* JsonLoader.swift */; };
		6BAEFD2E28590E3800A2C8BA /* MockURLProtocol.swift in Sources */ = {isa = PBXBuildFile; fileRef = 6BAEFD2D28590E3800A2C8BA /* MockURLProtocol.swift */; };
		6BAEFD3228590E9400A2C8BA /* coins-limit-1-offset-1.json in Resources */ = {isa = PBXBuildFile; fileRef = 6BAEFD3128590E9100A2C8BA /* coins-limit-1-offset-1.json */; };
		6BAEFD352859128F00A2C8BA /* CoinCard.swift in Sources */ = {isa = PBXBuildFile; fileRef = 6BAEFD332859126600A2C8BA /* CoinCard.swift */; };
/* End PBXBuildFile section */

/* Begin PBXContainerItemProxy section */
		6BAEFD2628590E0D00A2C8BA /* PBXContainerItemProxy */ = {
			isa = PBXContainerItemProxy;
			containerPortal = 6BAEFCE22858FC2E00A2C8BA /* Project object */;
			proxyType = 1;
			remoteGlobalIDString = 6BAEFCE92858FC2E00A2C8BA;
			remoteInfo = "LMWN Coin 2";
		};
/* End PBXContainerItemProxy section */

/* Begin PBXFileReference section */
		6B6E8AC128591E86008752DE /* PreferenceKey.swift */ = {isa = PBXFileReference; lastKnownFileType = sourcecode.swift; path = PreferenceKey.swift; sourceTree = "<group>"; };
		6B6E8AC328593BB1008752DE /* ExploreViewModel.swift */ = {isa = PBXFileReference; lastKnownFileType = sourcecode.swift; path = ExploreViewModel.swift; sourceTree = "<group>"; };
		6B6E8AC528594521008752DE /* CoinDetailView.swift */ = {isa = PBXFileReference; lastKnownFileType = sourcecode.swift; path = CoinDetailView.swift; sourceTree = "<group>"; };
		6B6E8AC728594813008752DE /* CoinDetail.swift */ = {isa = PBXFileReference; lastKnownFileType = sourcecode.swift; path = CoinDetail.swift; sourceTree = "<group>"; };
		6B6E8AC9285949E5008752DE /* coin-Qwsogvtv82FCdaaa.json */ = {isa = PBXFileReference; lastKnownFileType = text.json; path = "coin-Qwsogvtv82FCdaaa.json"; sourceTree = "<group>"; };
		6B6E8ACD28594ADD008752DE /* coin-Qwsogvtv82FCd.json */ = {isa = PBXFileReference; lastKnownFileType = text.json; path = "coin-Qwsogvtv82FCd.json"; sourceTree = "<group>"; };
		6B6E8ACF28594E77008752DE /* HTMLStringView.swift */ = {isa = PBXFileReference; lastKnownFileType = sourcecode.swift; path = HTMLStringView.swift; sourceTree = "<group>"; };
		6B6E8AD128595005008752DE /* HexColor+SwiftUI.swift */ = {isa = PBXFileReference; lastKnownFileType = sourcecode.swift; path = "HexColor+SwiftUI.swift"; sourceTree = "<group>"; };
		6B6E8AD32859503E008752DE /* MarketCapFormatter.swift */ = {isa = PBXFileReference; lastKnownFileType = sourcecode.swift; path = MarketCapFormatter.swift; sourceTree = "<group>"; };
		6B6E8AD828595379008752DE /* CoinDetailViewModel.swift */ = {isa = PBXFileReference; lastKnownFileType = sourcecode.swift; path = CoinDetailViewModel.swift; sourceTree = "<group>"; };
		6B94FAE328595B790030E35E /* ShareActivityView.swift */ = {isa = PBXFileReference; lastKnownFileType = sourcecode.swift; path = ShareActivityView.swift; sourceTree = "<group>"; };
		6BAEFCEA2858FC2E00A2C8BA /* Coin Ranking.app */ = {isa = PBXFileReference; explicitFileType = wrapper.application; includeInIndex = 0; path = "Coin Ranking.app"; sourceTree = BUILT_PRODUCTS_DIR; };
		6BAEFCED2858FC2E00A2C8BA /* LMWN_Coin_2App.swift */ = {isa = PBXFileReference; lastKnownFileType = sourcecode.swift; path = LMWN_Coin_2App.swift; sourceTree = "<group>"; };
		6BAEFCEF2858FC2E00A2C8BA /* ContentView.swift */ = {isa = PBXFileReference; lastKnownFileType = sourcecode.swift; path = ContentView.swift; sourceTree = "<group>"; };
		6BAEFCF12858FC2F00A2C8BA /* Assets.xcassets */ = {isa = PBXFileReference; lastKnownFileType = folder.assetcatalog; path = Assets.xcassets; sourceTree = "<group>"; };
		6BAEFCF42858FC2F00A2C8BA /* Preview Assets.xcassets */ = {isa = PBXFileReference; lastKnownFileType = folder.assetcatalog; path = "Preview Assets.xcassets"; sourceTree = "<group>"; };
		6BAEFCFC2858FC6500A2C8BA /* ExploreView.swift */ = {isa = PBXFileReference; lastKnownFileType = sourcecode.swift; path = ExploreView.swift; sourceTree = "<group>"; };
		6BAEFD002858FD4900A2C8BA /* LoadingView.swift */ = {isa = PBXFileReference; lastKnownFileType = sourcecode.swift; path = LoadingView.swift; sourceTree = "<group>"; };
		6BAEFD022858FEA700A2C8BA /* CardRectangle.swift */ = {isa = PBXFileReference; lastKnownFileType = sourcecode.swift; path = CardRectangle.swift; sourceTree = "<group>"; };
		6BAEFD042858FF7800A2C8BA /* Color+SwiftUI.swift */ = {isa = PBXFileReference; lastKnownFileType = sourcecode.swift; path = "Color+SwiftUI.swift"; sourceTree = "<group>"; };
		6BAEFD062858FFDD00A2C8BA /* InviteFriend.swift */ = {isa = PBXFileReference; lastKnownFileType = sourcecode.swift; path = InviteFriend.swift; sourceTree = "<group>"; };
		6BAEFD0F2859047300A2C8BA /* AsyncRemoteImage.swift */ = {isa = PBXFileReference; lastKnownFileType = sourcecode.swift; path = AsyncRemoteImage.swift; sourceTree = "<group>"; };
		6BAEFD122859049B00A2C8BA /* Utilities.swift */ = {isa = PBXFileReference; lastKnownFileType = sourcecode.swift; path = Utilities.swift; sourceTree = "<group>"; };
		6BAEFD14285904B600A2C8BA /* SVGAsyncImage.swift */ = {isa = PBXFileReference; lastKnownFileType = sourcecode.swift; path = SVGAsyncImage.swift; sourceTree = "<group>"; };
		6BAEFD172859075800A2C8BA /* Coin.swift */ = {isa = PBXFileReference; lastKnownFileType = sourcecode.swift; path = Coin.swift; sourceTree = "<group>"; };
		6BAEFD1A28590A4700A2C8BA /* CoinAPIRequestLoader.swift */ = {isa = PBXFileReference; lastKnownFileType = sourcecode.swift; path = CoinAPIRequestLoader.swift; sourceTree = "<group>"; };
		6BAEFD1C28590B1600A2C8BA /* CoinAPIResponse.swift */ = {isa = PBXFileReference; lastKnownFileType = sourcecode.swift; path = CoinAPIResponse.swift; sourceTree = "<group>"; };
		6BAEFD2228590E0D00A2C8BA /* Coin Ranking Tests.xctest */ = {isa = PBXFileReference; explicitFileType = wrapper.cfbundle; includeInIndex = 0; path = "Coin Ranking Tests.xctest"; sourceTree = BUILT_PRODUCTS_DIR; };
		6BAEFD2428590E0D00A2C8BA /* CoinsAPILoaderTests.swift */ = {isa = PBXFileReference; lastKnownFileType = sourcecode.swift; path = CoinsAPILoaderTests.swift; sourceTree = "<group>"; };
		6BAEFD2B28590E2800A2C8BA /* JsonLoader.swift */ = {isa = PBXFileReference; lastKnownFileType = sourcecode.swift; path = JsonLoader.swift; sourceTree = "<group>"; };
		6BAEFD2D28590E3800A2C8BA /* MockURLProtocol.swift */ = {isa = PBXFileReference; lastKnownFileType = sourcecode.swift; path = MockURLProtocol.swift; sourceTree = "<group>"; };
		6BAEFD3128590E9100A2C8BA /* coins-limit-1-offset-1.json */ = {isa = PBXFileReference; lastKnownFileType = text.json; path = "coins-limit-1-offset-1.json"; sourceTree = "<group>"; };
		6BAEFD332859126600A2C8BA /* CoinCard.swift */ = {isa = PBXFileReference; lastKnownFileType = sourcecode.swift; path = CoinCard.swift; sourceTree = "<group>"; };
/* End PBXFileReference section */

/* Begin PBXFrameworksBuildPhase section */
		6BAEFCE72858FC2E00A2C8BA /* Frameworks */ = {
			isa = PBXFrameworksBuildPhase;
			buildActionMask = 2147483647;
			files = (
				6BAEFD0A2859044600A2C8BA /* SVGView in Frameworks */,
				6BAEFD0D2859045100A2C8BA /* CachedAsyncImage in Frameworks */,
			);
			runOnlyForDeploymentPostprocessing = 0;
		};
		6BAEFD1F28590E0D00A2C8BA /* Frameworks */ = {
			isa = PBXFrameworksBuildPhase;
			buildActionMask = 2147483647;
			files = (
			);
			runOnlyForDeploymentPostprocessing = 0;
		};
/* End PBXFrameworksBuildPhase section */

/* Begin PBXGroup section */
		6B6E8ADB28595420008752DE /* Navigation */ = {
			isa = PBXGroup;
			children = (
				6BAEFCFC2858FC6500A2C8BA /* ExploreView.swift */,
				6B6E8AC328593BB1008752DE /* ExploreViewModel.swift */,
			);
			path = Navigation;
			sourceTree = "<group>";
		};
		6BAEFCE12858FC2E00A2C8BA = {
			isa = PBXGroup;
			children = (
				6BAEFCFB2858FC4E00A2C8BA /* Shared */,
				6BAEFCEC2858FC2E00A2C8BA /* Coin Ranking */,
				6BAEFD2328590E0D00A2C8BA /* Coin Ranking Tests */,
				6BAEFCEB2858FC2E00A2C8BA /* Products */,
			);
			sourceTree = "<group>";
		};
		6BAEFCEB2858FC2E00A2C8BA /* Products */ = {
			isa = PBXGroup;
			children = (
				6BAEFCEA2858FC2E00A2C8BA /* Coin Ranking.app */,
				6BAEFD2228590E0D00A2C8BA /* Coin Ranking Tests.xctest */,
			);
			name = Products;
			sourceTree = "<group>";
		};
		6BAEFCEC2858FC2E00A2C8BA /* Coin Ranking */ = {
			isa = PBXGroup;
			children = (
				6BAEFCED2858FC2E00A2C8BA /* LMWN_Coin_2App.swift */,
				6BAEFCEF2858FC2E00A2C8BA /* ContentView.swift */,
			);
			path = "Coin Ranking";
			sourceTree = "<group>";
		};
		6BAEFCF32858FC2F00A2C8BA /* Preview Content */ = {
			isa = PBXGroup;
			children = (
				6BAEFCF42858FC2F00A2C8BA /* Preview Assets.xcassets */,
			);
			path = "Preview Content";
			sourceTree = "<group>";
		};
		6BAEFCFB2858FC4E00A2C8BA /* Shared */ = {
			isa = PBXGroup;
			children = (
				6BAEFD1928590A0B00A2C8BA /* Coin */,
				6BAEFCFF2858FD2C00A2C8BA /* Component */,
				6BAEFD16285906F500A2C8BA /* Model */,
				6BAEFCFE2858FCB500A2C8BA /* Resource */,
				6B6E8ADB28595420008752DE /* Navigation */,
				6BAEFD112859047C00A2C8BA /* Supporting Files */,
			);
			path = Shared;
			sourceTree = "<group>";
		};
		6BAEFCFE2858FCB500A2C8BA /* Resource */ = {
			isa = PBXGroup;
			children = (
				6BAEFCF12858FC2F00A2C8BA /* Assets.xcassets */,
				6BAEFD042858FF7800A2C8BA /* Color+SwiftUI.swift */,
				6BAEFCF32858FC2F00A2C8BA /* Preview Content */,
			);
			path = Resource;
			sourceTree = "<group>";
		};
		6BAEFCFF2858FD2C00A2C8BA /* Component */ = {
			isa = PBXGroup;
			children = (
				6BAEFD0E2859045B00A2C8BA /* AsyncRemoteImage */,
				6BAEFD022858FEA700A2C8BA /* CardRectangle.swift */,
				6BAEFD062858FFDD00A2C8BA /* InviteFriend.swift */,
				6BAEFD002858FD4900A2C8BA /* LoadingView.swift */,
				6B6E8ACF28594E77008752DE /* HTMLStringView.swift */,
				6B94FAE328595B790030E35E /* ShareActivityView.swift */,
			);
			path = Component;
			sourceTree = "<group>";
		};
		6BAEFD0E2859045B00A2C8BA /* AsyncRemoteImage */ = {
			isa = PBXGroup;
			children = (
				6BAEFD0F2859047300A2C8BA /* AsyncRemoteImage.swift */,
				6BAEFD14285904B600A2C8BA /* SVGAsyncImage.swift */,
			);
			path = AsyncRemoteImage;
			sourceTree = "<group>";
		};
		6BAEFD112859047C00A2C8BA /* Supporting Files */ = {
			isa = PBXGroup;
			children = (
				6BAEFD122859049B00A2C8BA /* Utilities.swift */,
				6B6E8AD128595005008752DE /* HexColor+SwiftUI.swift */,
				6B6E8AD32859503E008752DE /* MarketCapFormatter.swift */,
			);
			path = "Supporting Files";
			sourceTree = "<group>";
		};
		6BAEFD16285906F500A2C8BA /* Model */ = {
			isa = PBXGroup;
			children = (
				6BAEFD172859075800A2C8BA /* Coin.swift */,
				6B6E8AC728594813008752DE /* CoinDetail.swift */,
				6BAEFD1C28590B1600A2C8BA /* CoinAPIResponse.swift */,
				6B6E8AC128591E86008752DE /* PreferenceKey.swift */,
			);
			path = Model;
			sourceTree = "<group>";
		};
		6BAEFD1928590A0B00A2C8BA /* Coin */ = {
			isa = PBXGroup;
			children = (
				6BAEFD1A28590A4700A2C8BA /* CoinAPIRequestLoader.swift */,
				6BAEFD332859126600A2C8BA /* CoinCard.swift */,
				6B6E8AC528594521008752DE /* CoinDetailView.swift */,
				6B6E8AD828595379008752DE /* CoinDetailViewModel.swift */,
			);
			path = Coin;
			sourceTree = "<group>";
		};
		6BAEFD2328590E0D00A2C8BA /* Coin Ranking Tests */ = {
			isa = PBXGroup;
			children = (
				6BAEFD3028590E5000A2C8BA /* Shared */,
				6BAEFD2F28590E4400A2C8BA /* Resource */,
				6BAEFD2428590E0D00A2C8BA /* CoinsAPILoaderTests.swift */,
			);
			path = "Coin Ranking Tests";
			sourceTree = "<group>";
		};
		6BAEFD2F28590E4400A2C8BA /* Resource */ = {
			isa = PBXGroup;
			children = (
				6BAEFD3128590E9100A2C8BA /* coins-limit-1-offset-1.json */,
				6B6E8AC9285949E5008752DE /* coin-Qwsogvtv82FCdaaa.json */,
				6B6E8ACD28594ADD008752DE /* coin-Qwsogvtv82FCd.json */,
			);
			path = Resource;
			sourceTree = "<group>";
		};
		6BAEFD3028590E5000A2C8BA /* Shared */ = {
			isa = PBXGroup;
			children = (
				6BAEFD2B28590E2800A2C8BA /* JsonLoader.swift */,
				6BAEFD2D28590E3800A2C8BA /* MockURLProtocol.swift */,
			);
			path = Shared;
			sourceTree = "<group>";
		};
/* End PBXGroup section */

/* Begin PBXNativeTarget section */
		6BAEFCE92858FC2E00A2C8BA /* Coin Ranking */ = {
			isa = PBXNativeTarget;
			buildConfigurationList = 6BAEFCF82858FC2F00A2C8BA /* Build configuration list for PBXNativeTarget "Coin Ranking" */;
			buildPhases = (
				6BAEFCE62858FC2E00A2C8BA /* Sources */,
				6BAEFCE72858FC2E00A2C8BA /* Frameworks */,
				6BAEFCE82858FC2E00A2C8BA /* Resources */,
			);
			buildRules = (
			);
			dependencies = (
			);
			name = "Coin Ranking";
			packageProductDependencies = (
				6BAEFD092859044600A2C8BA /* SVGView */,
				6BAEFD0C2859045100A2C8BA /* CachedAsyncImage */,
			);
			productName = "LMWN Coin 2";
			productReference = 6BAEFCEA2858FC2E00A2C8BA /* Coin Ranking.app */;
			productType = "com.apple.product-type.application";
		};
		6BAEFD2128590E0D00A2C8BA /* Coin Ranking Tests */ = {
			isa = PBXNativeTarget;
			buildConfigurationList = 6BAEFD2828590E0D00A2C8BA /* Build configuration list for PBXNativeTarget "Coin Ranking Tests" */;
			buildPhases = (
				6BAEFD1E28590E0D00A2C8BA /* Sources */,
				6BAEFD1F28590E0D00A2C8BA /* Frameworks */,
				6BAEFD2028590E0D00A2C8BA /* Resources */,
			);
			buildRules = (
			);
			dependencies = (
				6BAEFD2728590E0D00A2C8BA /* PBXTargetDependency */,
			);
			name = "Coin Ranking Tests";
			productName = "LMWN Coin 2 Tests";
			productReference = 6BAEFD2228590E0D00A2C8BA /* Coin Ranking Tests.xctest */;
			productType = "com.apple.product-type.bundle.unit-test";
		};
/* End PBXNativeTarget section */

/* Begin PBXProject section */
		6BAEFCE22858FC2E00A2C8BA /* Project object */ = {
			isa = PBXProject;
			attributes = {
				BuildIndependentTargetsInParallel = 1;
				LastSwiftUpdateCheck = 1340;
				LastUpgradeCheck = 1340;
				TargetAttributes = {
					6BAEFCE92858FC2E00A2C8BA = {
						CreatedOnToolsVersion = 13.4.1;
					};
					6BAEFD2128590E0D00A2C8BA = {
						CreatedOnToolsVersion = 13.4.1;
						TestTargetID = 6BAEFCE92858FC2E00A2C8BA;
					};
				};
			};
			buildConfigurationList = 6BAEFCE52858FC2E00A2C8BA /* Build configuration list for PBXProject "Coin Ranking" */;
			compatibilityVersion = "Xcode 13.0";
			developmentRegion = en;
			hasScannedForEncodings = 0;
			knownRegions = (
				en,
				Base,
			);
			mainGroup = 6BAEFCE12858FC2E00A2C8BA;
			packageReferences = (
				6BAEFD082859044600A2C8BA /* XCRemoteSwiftPackageReference "SVGView" */,
				6BAEFD0B2859045100A2C8BA /* XCRemoteSwiftPackageReference "swiftui-cached-async-image" */,
			);
			productRefGroup = 6BAEFCEB2858FC2E00A2C8BA /* Products */;
			projectDirPath = "";
			projectRoot = "";
			targets = (
				6BAEFCE92858FC2E00A2C8BA /* Coin Ranking */,
				6BAEFD2128590E0D00A2C8BA /* Coin Ranking Tests */,
			);
		};
/* End PBXProject section */

/* Begin PBXResourcesBuildPhase section */
		6BAEFCE82858FC2E00A2C8BA /* Resources */ = {
			isa = PBXResourcesBuildPhase;
			buildActionMask = 2147483647;
			files = (
				6BAEFCF52858FC2F00A2C8BA /* Preview Assets.xcassets in Resources */,
				6BAEFCF22858FC2F00A2C8BA /* Assets.xcassets in Resources */,
			);
			runOnlyForDeploymentPostprocessing = 0;
		};
		6BAEFD2028590E0D00A2C8BA /* Resources */ = {
			isa = PBXResourcesBuildPhase;
			buildActionMask = 2147483647;
			files = (
				6B6E8ACA285949E5008752DE /* coin-Qwsogvtv82FCdaaa.json in Resources */,
				6B6E8ACE28594ADD008752DE /* coin-Qwsogvtv82FCd.json in Resources */,
				6BAEFD3228590E9400A2C8BA /* coins-limit-1-offset-1.json in Resources */,
			);
			runOnlyForDeploymentPostprocessing = 0;
		};
/* End PBXResourcesBuildPhase section */

/* Begin PBXSourcesBuildPhase section */
		6BAEFCE62858FC2E00A2C8BA /* Sources */ = {
			isa = PBXSourcesBuildPhase;
			buildActionMask = 2147483647;
			files = (
				6BAEFCF02858FC2E00A2C8BA /* ContentView.swift in Sources */,
				6B6E8AD528595067008752DE /* MarketCapFormatter.swift in Sources */,
				6B6E8AC828594813008752DE /* CoinDetail.swift in Sources */,
				6BAEFD032858FEA700A2C8BA /* CardRectangle.swift in Sources */,
				6BAEFCFD2858FC6500A2C8BA /* ExploreView.swift in Sources */,
				6B6E8AC628594521008752DE /* CoinDetailView.swift in Sources */,
				6B6E8AD628595097008752DE /* HTMLStringView.swift in Sources */,
				6BAEFD052858FF7800A2C8BA /* Color+SwiftUI.swift in Sources */,
				6BAEFD012858FD4900A2C8BA /* LoadingView.swift in Sources */,
				6BAEFD072858FFDD00A2C8BA /* InviteFriend.swift in Sources */,
				6BAEFD132859049B00A2C8BA /* Utilities.swift in Sources */,
				6BAEFD15285904B600A2C8BA /* SVGAsyncImage.swift in Sources */,
				6B6E8ADA2859538B008752DE /* CoinDetailViewModel.swift in Sources */,
				6BAEFD352859128F00A2C8BA /* CoinCard.swift in Sources */,
				6B6E8AC228591E86008752DE /* PreferenceKey.swift in Sources */,
				6BAEFD1B28590A4700A2C8BA /* CoinAPIRequestLoader.swift in Sources */,
				6BAEFD102859047300A2C8BA /* AsyncRemoteImage.swift in Sources */,
				6B6E8AC428593BB1008752DE /* ExploreViewModel.swift in Sources */,
				6BAEFD182859075800A2C8BA /* Coin.swift in Sources */,
				6B94FAE428595B790030E35E /* ShareActivityView.swift in Sources */,
				6BAEFD1D28590B1600A2C8BA /* CoinAPIResponse.swift in Sources */,
				6BAEFCEE2858FC2E00A2C8BA /* LMWN_Coin_2App.swift in Sources */,
				6B6E8AD7285952DA008752DE /* HexColor+SwiftUI.swift in Sources */,
			);
			runOnlyForDeploymentPostprocessing = 0;
		};
		6BAEFD1E28590E0D00A2C8BA /* Sources */ = {
			isa = PBXSourcesBuildPhase;
			buildActionMask = 2147483647;
			files = (
				6BAEFD2E28590E3800A2C8BA /* MockURLProtocol.swift in Sources */,
				6BAEFD2C28590E2800A2C8BA /* JsonLoader.swift in Sources */,
				6BAEFD2528590E0D00A2C8BA /* CoinsAPILoaderTests.swift in Sources */,
			);
			runOnlyForDeploymentPostprocessing = 0;
		};
/* End PBXSourcesBuildPhase section */

/* Begin PBXTargetDependency section */
		6BAEFD2728590E0D00A2C8BA /* PBXTargetDependency */ = {
			isa = PBXTargetDependency;
			target = 6BAEFCE92858FC2E00A2C8BA /* Coin Ranking */;
			targetProxy = 6BAEFD2628590E0D00A2C8BA /* PBXContainerItemProxy */;
		};
/* End PBXTargetDependency section */

/* Begin XCBuildConfiguration section */
		6BAEFCF62858FC2F00A2C8BA /* Debug */ = {
			isa = XCBuildConfiguration;
			buildSettings = {
				ALWAYS_SEARCH_USER_PATHS = NO;
				CLANG_ANALYZER_NONNULL = YES;
				CLANG_ANALYZER_NUMBER_OBJECT_CONVERSION = YES_AGGRESSIVE;
				CLANG_CXX_LANGUAGE_STANDARD = "gnu++17";
				CLANG_ENABLE_MODULES = YES;
				CLANG_ENABLE_OBJC_ARC = YES;
				CLANG_ENABLE_OBJC_WEAK = YES;
				CLANG_WARN_BLOCK_CAPTURE_AUTORELEASING = YES;
				CLANG_WARN_BOOL_CONVERSION = YES;
				CLANG_WARN_COMMA = YES;
				CLANG_WARN_CONSTANT_CONVERSION = YES;
				CLANG_WARN_DEPRECATED_OBJC_IMPLEMENTATIONS = YES;
				CLANG_WARN_DIRECT_OBJC_ISA_USAGE = YES_ERROR;
				CLANG_WARN_DOCUMENTATION_COMMENTS = YES;
				CLANG_WARN_EMPTY_BODY = YES;
				CLANG_WARN_ENUM_CONVERSION = YES;
				CLANG_WARN_INFINITE_RECURSION = YES;
				CLANG_WARN_INT_CONVERSION = YES;
				CLANG_WARN_NON_LITERAL_NULL_CONVERSION = YES;
				CLANG_WARN_OBJC_IMPLICIT_RETAIN_SELF = YES;
				CLANG_WARN_OBJC_LITERAL_CONVERSION = YES;
				CLANG_WARN_OBJC_ROOT_CLASS = YES_ERROR;
				CLANG_WARN_QUOTED_INCLUDE_IN_FRAMEWORK_HEADER = YES;
				CLANG_WARN_RANGE_LOOP_ANALYSIS = YES;
				CLANG_WARN_STRICT_PROTOTYPES = YES;
				CLANG_WARN_SUSPICIOUS_MOVE = YES;
				CLANG_WARN_UNGUARDED_AVAILABILITY = YES_AGGRESSIVE;
				CLANG_WARN_UNREACHABLE_CODE = YES;
				CLANG_WARN__DUPLICATE_METHOD_MATCH = YES;
				COPY_PHASE_STRIP = NO;
				DEBUG_INFORMATION_FORMAT = dwarf;
				ENABLE_STRICT_OBJC_MSGSEND = YES;
				ENABLE_TESTABILITY = YES;
				GCC_C_LANGUAGE_STANDARD = gnu11;
				GCC_DYNAMIC_NO_PIC = NO;
				GCC_NO_COMMON_BLOCKS = YES;
				GCC_OPTIMIZATION_LEVEL = 0;
				GCC_PREPROCESSOR_DEFINITIONS = (
					"DEBUG=1",
					"$(inherited)",
				);
				GCC_WARN_64_TO_32_BIT_CONVERSION = YES;
				GCC_WARN_ABOUT_RETURN_TYPE = YES_ERROR;
				GCC_WARN_UNDECLARED_SELECTOR = YES;
				GCC_WARN_UNINITIALIZED_AUTOS = YES_AGGRESSIVE;
				GCC_WARN_UNUSED_FUNCTION = YES;
				GCC_WARN_UNUSED_VARIABLE = YES;
				IPHONEOS_DEPLOYMENT_TARGET = 14.0;
				MTL_ENABLE_DEBUG_INFO = INCLUDE_SOURCE;
				MTL_FAST_MATH = YES;
				ONLY_ACTIVE_ARCH = YES;
				SDKROOT = iphoneos;
				SWIFT_ACTIVE_COMPILATION_CONDITIONS = DEBUG;
				SWIFT_OPTIMIZATION_LEVEL = "-Onone";
			};
			name = Debug;
		};
		6BAEFCF72858FC2F00A2C8BA /* Release */ = {
			isa = XCBuildConfiguration;
			buildSettings = {
				ALWAYS_SEARCH_USER_PATHS = NO;
				CLANG_ANALYZER_NONNULL = YES;
				CLANG_ANALYZER_NUMBER_OBJECT_CONVERSION = YES_AGGRESSIVE;
				CLANG_CXX_LANGUAGE_STANDARD = "gnu++17";
				CLANG_ENABLE_MODULES = YES;
				CLANG_ENABLE_OBJC_ARC = YES;
				CLANG_ENABLE_OBJC_WEAK = YES;
				CLANG_WARN_BLOCK_CAPTURE_AUTORELEASING = YES;
				CLANG_WARN_BOOL_CONVERSION = YES;
				CLANG_WARN_COMMA = YES;
				CLANG_WARN_CONSTANT_CONVERSION = YES;
				CLANG_WARN_DEPRECATED_OBJC_IMPLEMENTATIONS = YES;
				CLANG_WARN_DIRECT_OBJC_ISA_USAGE = YES_ERROR;
				CLANG_WARN_DOCUMENTATION_COMMENTS = YES;
				CLANG_WARN_EMPTY_BODY = YES;
				CLANG_WARN_ENUM_CONVERSION = YES;
				CLANG_WARN_INFINITE_RECURSION = YES;
				CLANG_WARN_INT_CONVERSION = YES;
				CLANG_WARN_NON_LITERAL_NULL_CONVERSION = YES;
				CLANG_WARN_OBJC_IMPLICIT_RETAIN_SELF = YES;
				CLANG_WARN_OBJC_LITERAL_CONVERSION = YES;
				CLANG_WARN_OBJC_ROOT_CLASS = YES_ERROR;
				CLANG_WARN_QUOTED_INCLUDE_IN_FRAMEWORK_HEADER = YES;
				CLANG_WARN_RANGE_LOOP_ANALYSIS = YES;
				CLANG_WARN_STRICT_PROTOTYPES = YES;
				CLANG_WARN_SUSPICIOUS_MOVE = YES;
				CLANG_WARN_UNGUARDED_AVAILABILITY = YES_AGGRESSIVE;
				CLANG_WARN_UNREACHABLE_CODE = YES;
				CLANG_WARN__DUPLICATE_METHOD_MATCH = YES;
				COPY_PHASE_STRIP = NO;
				DEBUG_INFORMATION_FORMAT = "dwarf-with-dsym";
				ENABLE_NS_ASSERTIONS = NO;
				ENABLE_STRICT_OBJC_MSGSEND = YES;
				GCC_C_LANGUAGE_STANDARD = gnu11;
				GCC_NO_COMMON_BLOCKS = YES;
				GCC_WARN_64_TO_32_BIT_CONVERSION = YES;
				GCC_WARN_ABOUT_RETURN_TYPE = YES_ERROR;
				GCC_WARN_UNDECLARED_SELECTOR = YES;
				GCC_WARN_UNINITIALIZED_AUTOS = YES_AGGRESSIVE;
				GCC_WARN_UNUSED_FUNCTION = YES;
				GCC_WARN_UNUSED_VARIABLE = YES;
				IPHONEOS_DEPLOYMENT_TARGET = 14.0;
				MTL_ENABLE_DEBUG_INFO = NO;
				MTL_FAST_MATH = YES;
				SDKROOT = iphoneos;
				SWIFT_COMPILATION_MODE = wholemodule;
				SWIFT_OPTIMIZATION_LEVEL = "-O";
				VALIDATE_PRODUCT = YES;
			};
			name = Release;
		};
		6BAEFCF92858FC2F00A2C8BA /* Debug */ = {
			isa = XCBuildConfiguration;
			buildSettings = {
				ASSETCATALOG_COMPILER_APPICON_NAME = AppIcon;
				ASSETCATALOG_COMPILER_GLOBAL_ACCENT_COLOR_NAME = AccentColor;
				CODE_SIGN_STYLE = Automatic;
				CURRENT_PROJECT_VERSION = 1;
				DEVELOPMENT_ASSET_PATHS = "\"Shared/Resource/Preview Content\"";
				DEVELOPMENT_TEAM = HB4FTR388G;
				ENABLE_PREVIEWS = YES;
				GENERATE_INFOPLIST_FILE = YES;
				INFOPLIST_KEY_UIApplicationSceneManifest_Generation = YES;
				INFOPLIST_KEY_UIApplicationSupportsIndirectInputEvents = YES;
				INFOPLIST_KEY_UILaunchScreen_Generation = YES;
				INFOPLIST_KEY_UISupportedInterfaceOrientations = UIInterfaceOrientationPortrait;
				INFOPLIST_KEY_UISupportedInterfaceOrientations_iPad = "UIInterfaceOrientationPortrait UIInterfaceOrientationPortraitUpsideDown UIInterfaceOrientationLandscapeLeft UIInterfaceOrientationLandscapeRight";
				INFOPLIST_KEY_UISupportedInterfaceOrientations_iPhone = "UIInterfaceOrientationPortrait UIInterfaceOrientationLandscapeLeft UIInterfaceOrientationLandscapeRight";
				IPHONEOS_DEPLOYMENT_TARGET = 15.0;
				LD_RUNPATH_SEARCH_PATHS = (
					"$(inherited)",
					"@executable_path/Frameworks",
				);
				MARKETING_VERSION = 2.0;
				PRODUCT_BUNDLE_IDENTIFIER = "com.chatsopond.LMWN-Coin-2";
				PRODUCT_NAME = "$(TARGET_NAME)";
				SWIFT_EMIT_LOC_STRINGS = YES;
				SWIFT_VERSION = 5.0;
				TARGETED_DEVICE_FAMILY = "1,2";
			};
			name = Debug;
		};
		6BAEFCFA2858FC2F00A2C8BA /* Release */ = {
			isa = XCBuildConfiguration;
			buildSettings = {
				ASSETCATALOG_COMPILER_APPICON_NAME = AppIcon;
				ASSETCATALOG_COMPILER_GLOBAL_ACCENT_COLOR_NAME = AccentColor;
				CODE_SIGN_STYLE = Automatic;
				CURRENT_PROJECT_VERSION = 1;
				DEVELOPMENT_ASSET_PATHS = "\"Shared/Resource/Preview Content\"";
				DEVELOPMENT_TEAM = HB4FTR388G;
				ENABLE_PREVIEWS = YES;
				GENERATE_INFOPLIST_FILE = YES;
				INFOPLIST_KEY_UIApplicationSceneManifest_Generation = YES;
				INFOPLIST_KEY_UIApplicationSupportsIndirectInputEvents = YES;
				INFOPLIST_KEY_UILaunchScreen_Generation = YES;
				INFOPLIST_KEY_UISupportedInterfaceOrientations = UIInterfaceOrientationPortrait;
				INFOPLIST_KEY_UISupportedInterfaceOrientations_iPad = "UIInterfaceOrientationPortrait UIInterfaceOrientationPortraitUpsideDown UIInterfaceOrientationLandscapeLeft UIInterfaceOrientationLandscapeRight";
				INFOPLIST_KEY_UISupportedInterfaceOrientations_iPhone = "UIInterfaceOrientationPortrait UIInterfaceOrientationLandscapeLeft UIInterfaceOrientationLandscapeRight";
				IPHONEOS_DEPLOYMENT_TARGET = 15.0;
				LD_RUNPATH_SEARCH_PATHS = (
					"$(inherited)",
					"@executable_path/Frameworks",
				);
				MARKETING_VERSION = 2.0;
				PRODUCT_BUNDLE_IDENTIFIER = "com.chatsopond.LMWN-Coin-2";
				PRODUCT_NAME = "$(TARGET_NAME)";
				SWIFT_EMIT_LOC_STRINGS = YES;
				SWIFT_VERSION = 5.0;
				TARGETED_DEVICE_FAMILY = "1,2";
			};
			name = Release;
		};
		6BAEFD2928590E0D00A2C8BA /* Debug */ = {
			isa = XCBuildConfiguration;
			buildSettings = {
				BUNDLE_LOADER = "$(TEST_HOST)";
				CODE_SIGN_STYLE = Automatic;
				CURRENT_PROJECT_VERSION = 1;
				DEVELOPMENT_TEAM = HB4FTR388G;
				GENERATE_INFOPLIST_FILE = YES;
				IPHONEOS_DEPLOYMENT_TARGET = 15.5;
				MARKETING_VERSION = 1.0;
				PRODUCT_BUNDLE_IDENTIFIER = "com.chatsopond.LMWN-Coin-2-Tests";
				PRODUCT_NAME = "$(TARGET_NAME)";
				SWIFT_EMIT_LOC_STRINGS = NO;
				SWIFT_VERSION = 5.0;
				TARGETED_DEVICE_FAMILY = "1,2";
				TEST_HOST = "$(BUILT_PRODUCTS_DIR)/Coin Ranking.app/Coin Ranking";
			};
			name = Debug;
		};
		6BAEFD2A28590E0D00A2C8BA /* Release */ = {
			isa = XCBuildConfiguration;
			buildSettings = {
				BUNDLE_LOADER = "$(TEST_HOST)";
				CODE_SIGN_STYLE = Automatic;
				CURRENT_PROJECT_VERSION = 1;
				DEVELOPMENT_TEAM = HB4FTR388G;
				GENERATE_INFOPLIST_FILE = YES;
				IPHONEOS_DEPLOYMENT_TARGET = 15.5;
				MARKETING_VERSION = 1.0;
				PRODUCT_BUNDLE_IDENTIFIER = "com.chatsopond.LMWN-Coin-2-Tests";
				PRODUCT_NAME = "$(TARGET_NAME)";
				SWIFT_EMIT_LOC_STRINGS = NO;
				SWIFT_VERSION = 5.0;
				TARGETED_DEVICE_FAMILY = "1,2";
				TEST_HOST = "$(BUILT_PRODUCTS_DIR)/Coin Ranking.app/Coin Ranking";
			};
			name = Release;
		};
/* End XCBuildConfiguration section */

/* Begin XCConfigurationList section */
		6BAEFCE52858FC2E00A2C8BA /* Build configuration list for PBXProject "Coin Ranking" */ = {
			isa = XCConfigurationList;
			buildConfigurations = (
				6BAEFCF62858FC2F00A2C8BA /* Debug */,
				6BAEFCF72858FC2F00A2C8BA /* Release */,
			);
			defaultConfigurationIsVisible = 0;
			defaultConfigurationName = Release;
		};
		6BAEFCF82858FC2F00A2C8BA /* Build configuration list for PBXNativeTarget "Coin Ranking" */ = {
			isa = XCConfigurationList;
			buildConfigurations = (
				6BAEFCF92858FC2F00A2C8BA /* Debug */,
				6BAEFCFA2858FC2F00A2C8BA /* Release */,
			);
			defaultConfigurationIsVisible = 0;
			defaultConfigurationName = Release;
		};
		6BAEFD2828590E0D00A2C8BA /* Build configuration list for PBXNativeTarget "Coin Ranking Tests" */ = {
			isa = XCConfigurationList;
			buildConfigurations = (
				6BAEFD2928590E0D00A2C8BA /* Debug */,
				6BAEFD2A28590E0D00A2C8BA /* Release */,
			);
			defaultConfigurationIsVisible = 0;
			defaultConfigurationName = Release;
		};
/* End XCConfigurationList section */

/* Begin XCRemoteSwiftPackageReference section */
		6BAEFD082859044600A2C8BA /* XCRemoteSwiftPackageReference "SVGView" */ = {
			isa = XCRemoteSwiftPackageReference;
			repositoryURL = "https://github.com/exyte/SVGView.git";
			requirement = {
				kind = exactVersion;
				version = 1.0.4;
			};
		};
		6BAEFD0B2859045100A2C8BA /* XCRemoteSwiftPackageReference "swiftui-cached-async-image" */ = {
			isa = XCRemoteSwiftPackageReference;
			repositoryURL = "https://github.com/lorenzofiamingo/swiftui-cached-async-image.git";
			requirement = {
				kind = exactVersion;
				version = 2.1.1;
			};
		};
/* End XCRemoteSwiftPackageReference section */

/* Begin XCSwiftPackageProductDependency section */
		6BAEFD092859044600A2C8BA /* SVGView */ = {
			isa = XCSwiftPackageProductDependency;
			package = 6BAEFD082859044600A2C8BA /* XCRemoteSwiftPackageReference "SVGView" */;
			productName = SVGView;
		};
		6BAEFD0C2859045100A2C8BA /* CachedAsyncImage */ = {
			isa = XCSwiftPackageProductDependency;
			package = 6BAEFD0B2859045100A2C8BA /* XCRemoteSwiftPackageReference "swiftui-cached-async-image" */;
			productName = CachedAsyncImage;
		};
/* End XCSwiftPackageProductDependency section */
	};
	rootObject = 6BAEFCE22858FC2E00A2C8BA /* Project object */;
}
